<?xml version="1.0" encoding="utf-8"?>
<Project ToolsVersion="4.0" xmlns="http://schemas.microsoft.com/developer/msbuild/2003">
  <ItemGroup>
    <Filter Include="소스 파일">
      <UniqueIdentifier>{4FC737F1-C7A5-4376-A066-2A32D752A2FF}</UniqueIdentifier>
      <Extensions>cpp;c;cc;cxx;def;odl;idl;hpj;bat;asm;asmx</Extensions>
    </Filter>
    <Filter Include="헤더 파일">
      <UniqueIdentifier>{93995380-89BD-4b04-88EB-625FBE52EBFB}</UniqueIdentifier>
      <Extensions>h;hh;hpp;hxx;hm;inl;inc;ipp;xsd</Extensions>
    </Filter>
    <Filter Include="리소스 파일">
      <UniqueIdentifier>{67DA6AB6-F800-4c08-8B7A-83BB121AAD01}</UniqueIdentifier>
      <Extensions>rc;ico;cur;bmp;dlg;rc2;rct;bin;rgs;gif;jpg;jpeg;jpe;resx;tiff;tif;png;wav;mfcribbon-ms</Extensions>
    </Filter>
  </ItemGroup>
  <ItemGroup>
    <ClCompile Include="Selection_Sort.cpp">
      <Filter>소스 파일</Filter>
    </ClCompile>
    <ClCompile Include="Bubble_Sort.cpp">
      <Filter>소스 파일</Filter>
    </ClCompile>
    <ClCompile Include="Insertion_Sort.cpp">
      <Filter>소스 파일</Filter>
    </ClCompile>
    <ClCompile Include="Quick_Sort.cpp">
      <Filter>소스 파일</Filter>
    </ClCompile>
    <ClCompile Include="Merge_Sort.cpp">
      <Filter>소스 파일</Filter>
    </ClCompile>
    <ClCompile Include="C++_STL_Sort.cpp">
      <Filter>소스 파일</Filter>
    </ClCompile>
    <ClCompile Include="C++_STL_Sort1.cpp">
      <Filter>소스 파일</Filter>
    </ClCompile>
    <ClCompile Include="Heap_Sort.cpp">
      <Filter>소스 파일</Filter>
    </ClCompile>
    <ClCompile Include="Counting_Sort.cpp">
      <Filter>소스 파일</Filter>
    </ClCompile>
    <ClCompile Include="Stack.cpp">
      <Filter>소스 파일</Filter>
    </ClCompile>
    <ClCompile Include="Queue.cpp">
      <Filter>소스 파일</Filter>
    </ClCompile>
    <ClCompile Include="Breath_First_Search.cpp">
      <Filter>소스 파일</Filter>
    </ClCompile>
    <ClCompile Include="Depth_First_Search.cpp">
      <Filter>소스 파일</Filter>
    </ClCompile>
    <ClCompile Include="Union_Find.cpp">
      <Filter>소스 파일</Filter>
    </ClCompile>
    <ClCompile Include="Kruskal_Algorithm.cpp">
      <Filter>소스 파일</Filter>
    </ClCompile>
    <ClCompile Include="Traversal.cpp">
      <Filter>소스 파일</Filter>
    </ClCompile>
    <ClCompile Include="Dynamic_Programming.cpp">
      <Filter>소스 파일</Filter>
    </ClCompile>
    <ClCompile Include="PrimeNumber.cpp">
      <Filter>소스 파일</Filter>
    </ClCompile>
    <ClCompile Include="Dijkstra_Algorithm.cpp">
      <Filter>소스 파일</Filter>
    </ClCompile>
    <ClCompile Include="Floyd_Warshall_Algorithm.cpp">
      <Filter>소스 파일</Filter>
    </ClCompile>
    <ClCompile Include="Topology_Sort.cpp">
      <Filter>소스 파일</Filter>
    </ClCompile>
    <ClCompile Include="Strongly_Connected_Component.cpp">
      <Filter>소스 파일</Filter>
    </ClCompile>
    <ClCompile Include="Network_Flow.cpp">
      <Filter>소스 파일</Filter>
    </ClCompile>
    <ClCompile Include="Bipartite_Matching.cpp">
      <Filter>소스 파일</Filter>
    </ClCompile>
    <ClCompile Include="Knuth_Morris_Pratt.cpp">
      <Filter>소스 파일</Filter>
    </ClCompile>
    <ClCompile Include="Rabin_Karp.cpp">
      <Filter>소스 파일</Filter>
    </ClCompile>
    <ClCompile Include="Greedy_Algorithm.cpp">
      <Filter>소스 파일</Filter>
    </ClCompile>
    <ClCompile Include="Binart_Search.cpp">
      <Filter>소스 파일</Filter>
    </ClCompile>
    <ClCompile Include="Segment_Tree.cpp">
      <Filter>소스 파일</Filter>
    </ClCompile>
    <ClCompile Include="Lowest_Common_Ancestor.cpp">
      <Filter>소스 파일</Filter>
    </ClCompile>
    <ClCompile Include="Index_Tree.cpp">
      <Filter>소스 파일</Filter>
    </ClCompile>
    <ClCompile Include="Bit_Mask.cpp">
      <Filter>소스 파일</Filter>
    </ClCompile>
  </ItemGroup>
</Project>